
Microsoft Visual Studio Solution File, Format Version 12.00
# Visual Studio Version 17
VisualStudioVersion = 17.3.32929.385
MinimumVisualStudioVersion = 10.0.40219.1
Project("{FAE04EC0-301F-11D3-BF4B-00C04F79EFBC}") = "PdfValidatorSyncfusion", "PdfValidatorSyncfusion\PdfValidatorSyncfusion.csproj", "{3B7C3866-92CC-4BD9-9131-B06327ECDEA0}"
EndProject
Global
	GlobalSection(SolutionConfigurationPlatforms) = preSolution
		Debug|Any CPU = Debug|Any CPU
		Release|Any CPU = Release|Any CPU
	EndGlobalSection
	GlobalSection(ProjectConfigurationPlatforms) = postSolution
		{3B7C3866-92CC-4BD9-9131-B06327ECDEA0}.Debug|Any CPU.ActiveCfg = Debug|Any CPU
		{3B7C3866-92CC-4BD9-9131-B06327ECDEA0}.Debug|Any CPU.Build.0 = Debug|Any CPU
		{3B7C3866-92CC-4BD9-9131-B06327ECDEA0}.Release|Any CPU.ActiveCfg = Release|Any CPU
		{3B7C3866-92CC-4BD9-9131-B06327ECDEA0}.Release|Any CPU.Build.0 = Release|Any CPU
	EndGlobalSection
	GlobalSection(SolutionProperties) = preSolution
		HideSolutionNode = FALSE
	EndGlobalSection
	GlobalSection(ExtensibilityGlobals) = postSolution
		SolutionGuid = {CED6338E-9A8A-4CE4-9C23-6C6595035299}
	EndGlobalSection
EndGlobal
